
Microsoft Visual Studio Solution File, Format Version 12.00
# Visual Studio Version 16
VisualStudioVersion = 16.0.34114.132
MinimumVisualStudioVersion = 10.0.40219.1
Project("{8BC9CEB8-8B4A-11D0-8D11-00A0C91BC942}") = "CoverProcess", "CoverProcess\CoverProcess.vcxproj", "{9F6B172F-9ECE-434C-A54F-12F6C9960FE5}"
EndProject
Project("{8BC9CEB8-8B4A-11D0-8D11-00A0C91BC942}") = "UserSyncDriver", "UserSyncDriver\UserSyncDriver.vcxproj", "{DB13B4A5-37C0-4105-802E-1E8D7E8F0CCD}"
EndProject
Project("{8BC9CEB8-8B4A-11D0-8D11-00A0C91BC942}") = "KeyboardFilterDriver", "KeyboardFilterDriver\KeyboardFilterDriver.vcxproj", "{11358B5B-8DA7-40B3-A968-D9759519D88C}"
EndProject
Project("{8BC9CEB8-8B4A-11D0-8D11-00A0C91BC942}") = "MouseFilterDriver", "MouseFilterDriver\MouseFilterDriver.vcxproj", "{DE1784F5-7E3F-4719-8493-964814FC35BD}"
EndProject
Project("{8BC9CEB8-8B4A-11D0-8D11-00A0C91BC942}") = "MouseFilterDriverNoHook", "MouseFilterDriverNoHook\MouseFilterDriverNoHook.vcxproj", "{420AD359-6EA7-4A1A-B569-5FD62B974F67}"
EndProject
Project("{8BC9CEB8-8B4A-11D0-8D11-00A0C91BC942}") = "DiskDriverFilter", "DiskDriverFilter\DiskDriverFilter.vcxproj", "{7AED220D-422C-4871-B580-237CC2C13923}"
EndProject
Project("{8BC9CEB8-8B4A-11D0-8D11-00A0C91BC942}") = "FileMiniFilterDriver", "FileMiniFilterDriver\FileMiniFilterDriver.vcxproj", "{E1EDC697-415F-429B-9148-9A38DB9E3359}"
EndProject
Project("{8BC9CEB8-8B4A-11D0-8D11-00A0C91BC942}") = "FileMiniFilterUserExe", "FileMiniFilterUserExe\FileMiniFilterUserExe.vcxproj", "{88452967-F478-4A4D-9AD8-45B060C08E10}"
EndProject
Project("{8BC9CEB8-8B4A-11D0-8D11-00A0C91BC942}") = "FileMiniFilterUserDll", "FileMiniFilterUserDll\FileMiniFilterUserDll.vcxproj", "{9D8520D7-F283-40EA-8728-67CBCC84E920}"
EndProject
Project("{8BC9CEB8-8B4A-11D0-8D11-00A0C91BC942}") = "MFCProject", "MFCProject\MFCProject.vcxproj", "{A2F9A9F2-2463-48AA-9A27-0379F4F50A61}"
EndProject
Project("{8BC9CEB8-8B4A-11D0-8D11-00A0C91BC942}") = "WfpFilteringDriver", "WfpFilteringDriver\WfpFilteringDriver.vcxproj", "{B180FDBE-65A7-4592-8A09-E624C00E383A}"
EndProject
Project("{8BC9CEB8-8B4A-11D0-8D11-00A0C91BC942}") = "WfpFilterUserExe", "WfpFilterUserExe\WfpFilterUserExe.vcxproj", "{3D4320E9-D638-468A-AF11-55B06AC66D85}"
EndProject
Project("{8BC9CEB8-8B4A-11D0-8D11-00A0C91BC942}") = "MultiFilterDriverSys", "MultiFilterDriverSys\MultiFilterDriverSys.vcxproj", "{2E563514-992A-4A4C-A92E-489C363607B3}"
EndProject
Project("{8BC9CEB8-8B4A-11D0-8D11-00A0C91BC942}") = "MultiFilterDriverExe", "MultiFilterDriverExe\MultiFilterDriverExe.vcxproj", "{C6709E0A-9C03-489B-9934-9DC565860133}"
EndProject
Project("{8BC9CEB8-8B4A-11D0-8D11-00A0C91BC942}") = "NoSignLoadDriver", "NoSignLoadDriver\NoSignLoadDriver.vcxproj", "{EF28FEBB-994D-41D3-B7FB-ED56F29D5F8B}"
EndProject
Global
	GlobalSection(SolutionConfigurationPlatforms) = preSolution
		Debug|ARM = Debug|ARM
		Debug|ARM64 = Debug|ARM64
		Debug|x64 = Debug|x64
		Debug|x86 = Debug|x86
		Release|ARM = Release|ARM
		Release|ARM64 = Release|ARM64
		Release|x64 = Release|x64
		Release|x86 = Release|x86
	EndGlobalSection
	GlobalSection(ProjectConfigurationPlatforms) = postSolution
		{9F6B172F-9ECE-434C-A54F-12F6C9960FE5}.Debug|ARM.ActiveCfg = Debug|ARM
		{9F6B172F-9ECE-434C-A54F-12F6C9960FE5}.Debug|ARM.Build.0 = Debug|ARM
		{9F6B172F-9ECE-434C-A54F-12F6C9960FE5}.Debug|ARM.Deploy.0 = Debug|ARM
		{9F6B172F-9ECE-434C-A54F-12F6C9960FE5}.Debug|ARM64.ActiveCfg = Debug|ARM64
		{9F6B172F-9ECE-434C-A54F-12F6C9960FE5}.Debug|ARM64.Build.0 = Debug|ARM64
		{9F6B172F-9ECE-434C-A54F-12F6C9960FE5}.Debug|ARM64.Deploy.0 = Debug|ARM64
		{9F6B172F-9ECE-434C-A54F-12F6C9960FE5}.Debug|x64.ActiveCfg = Debug|x64
		{9F6B172F-9ECE-434C-A54F-12F6C9960FE5}.Debug|x64.Build.0 = Debug|x64
		{9F6B172F-9ECE-434C-A54F-12F6C9960FE5}.Debug|x64.Deploy.0 = Debug|x64
		{9F6B172F-9ECE-434C-A54F-12F6C9960FE5}.Debug|x86.ActiveCfg = Debug|Win32
		{9F6B172F-9ECE-434C-A54F-12F6C9960FE5}.Debug|x86.Build.0 = Debug|Win32
		{9F6B172F-9ECE-434C-A54F-12F6C9960FE5}.Debug|x86.Deploy.0 = Debug|Win32
		{9F6B172F-9ECE-434C-A54F-12F6C9960FE5}.Release|ARM.ActiveCfg = Release|ARM
		{9F6B172F-9ECE-434C-A54F-12F6C9960FE5}.Release|ARM.Build.0 = Release|ARM
		{9F6B172F-9ECE-434C-A54F-12F6C9960FE5}.Release|ARM.Deploy.0 = Release|ARM
		{9F6B172F-9ECE-434C-A54F-12F6C9960FE5}.Release|ARM64.ActiveCfg = Release|ARM64
		{9F6B172F-9ECE-434C-A54F-12F6C9960FE5}.Release|ARM64.Build.0 = Release|ARM64
		{9F6B172F-9ECE-434C-A54F-12F6C9960FE5}.Release|ARM64.Deploy.0 = Release|ARM64
		{9F6B172F-9ECE-434C-A54F-12F6C9960FE5}.Release|x64.ActiveCfg = Release|x64
		{9F6B172F-9ECE-434C-A54F-12F6C9960FE5}.Release|x64.Build.0 = Release|x64
		{9F6B172F-9ECE-434C-A54F-12F6C9960FE5}.Release|x64.Deploy.0 = Release|x64
		{9F6B172F-9ECE-434C-A54F-12F6C9960FE5}.Release|x86.ActiveCfg = Release|Win32
		{9F6B172F-9ECE-434C-A54F-12F6C9960FE5}.Release|x86.Build.0 = Release|Win32
		{9F6B172F-9ECE-434C-A54F-12F6C9960FE5}.Release|x86.Deploy.0 = Release|Win32
		{DB13B4A5-37C0-4105-802E-1E8D7E8F0CCD}.Debug|ARM.ActiveCfg = Debug|Win32
		{DB13B4A5-37C0-4105-802E-1E8D7E8F0CCD}.Debug|ARM64.ActiveCfg = Debug|Win32
		{DB13B4A5-37C0-4105-802E-1E8D7E8F0CCD}.Debug|x64.ActiveCfg = Debug|x64
		{DB13B4A5-37C0-4105-802E-1E8D7E8F0CCD}.Debug|x64.Build.0 = Debug|x64
		{DB13B4A5-37C0-4105-802E-1E8D7E8F0CCD}.Debug|x86.ActiveCfg = Debug|Win32
		{DB13B4A5-37C0-4105-802E-1E8D7E8F0CCD}.Debug|x86.Build.0 = Debug|Win32
		{DB13B4A5-37C0-4105-802E-1E8D7E8F0CCD}.Release|ARM.ActiveCfg = Release|Win32
		{DB13B4A5-37C0-4105-802E-1E8D7E8F0CCD}.Release|ARM64.ActiveCfg = Release|Win32
		{DB13B4A5-37C0-4105-802E-1E8D7E8F0CCD}.Release|x64.ActiveCfg = Release|x64
		{DB13B4A5-37C0-4105-802E-1E8D7E8F0CCD}.Release|x64.Build.0 = Release|x64
		{DB13B4A5-37C0-4105-802E-1E8D7E8F0CCD}.Release|x86.ActiveCfg = Release|Win32
		{DB13B4A5-37C0-4105-802E-1E8D7E8F0CCD}.Release|x86.Build.0 = Release|Win32
		{11358B5B-8DA7-40B3-A968-D9759519D88C}.Debug|ARM.ActiveCfg = Debug|ARM
		{11358B5B-8DA7-40B3-A968-D9759519D88C}.Debug|ARM.Build.0 = Debug|ARM
		{11358B5B-8DA7-40B3-A968-D9759519D88C}.Debug|ARM.Deploy.0 = Debug|ARM
		{11358B5B-8DA7-40B3-A968-D9759519D88C}.Debug|ARM64.ActiveCfg = Debug|ARM64
		{11358B5B-8DA7-40B3-A968-D9759519D88C}.Debug|ARM64.Build.0 = Debug|ARM64
		{11358B5B-8DA7-40B3-A968-D9759519D88C}.Debug|ARM64.Deploy.0 = Debug|ARM64
		{11358B5B-8DA7-40B3-A968-D9759519D88C}.Debug|x64.ActiveCfg = Debug|x64
		{11358B5B-8DA7-40B3-A968-D9759519D88C}.Debug|x64.Build.0 = Debug|x64
		{11358B5B-8DA7-40B3-A968-D9759519D88C}.Debug|x64.Deploy.0 = Debug|x64
		{11358B5B-8DA7-40B3-A968-D9759519D88C}.Debug|x86.ActiveCfg = Debug|Win32
		{11358B5B-8DA7-40B3-A968-D9759519D88C}.Debug|x86.Build.0 = Debug|Win32
		{11358B5B-8DA7-40B3-A968-D9759519D88C}.Debug|x86.Deploy.0 = Debug|Win32
		{11358B5B-8DA7-40B3-A968-D9759519D88C}.Release|ARM.ActiveCfg = Release|ARM
		{11358B5B-8DA7-40B3-A968-D9759519D88C}.Release|ARM.Build.0 = Release|ARM
		{11358B5B-8DA7-40B3-A968-D9759519D88C}.Release|ARM.Deploy.0 = Release|ARM
		{11358B5B-8DA7-40B3-A968-D9759519D88C}.Release|ARM64.ActiveCfg = Release|ARM64
		{11358B5B-8DA7-40B3-A968-D9759519D88C}.Release|ARM64.Build.0 = Release|ARM64
		{11358B5B-8DA7-40B3-A968-D9759519D88C}.Release|ARM64.Deploy.0 = Release|ARM64
		{11358B5B-8DA7-40B3-A968-D9759519D88C}.Release|x64.ActiveCfg = Release|x64
		{11358B5B-8DA7-40B3-A968-D9759519D88C}.Release|x64.Build.0 = Release|x64
		{11358B5B-8DA7-40B3-A968-D9759519D88C}.Release|x64.Deploy.0 = Release|x64
		{11358B5B-8DA7-40B3-A968-D9759519D88C}.Release|x86.ActiveCfg = Release|Win32
		{11358B5B-8DA7-40B3-A968-D9759519D88C}.Release|x86.Build.0 = Release|Win32
		{11358B5B-8DA7-40B3-A968-D9759519D88C}.Release|x86.Deploy.0 = Release|Win32
		{DE1784F5-7E3F-4719-8493-964814FC35BD}.Debug|ARM.ActiveCfg = Debug|ARM
		{DE1784F5-7E3F-4719-8493-964814FC35BD}.Debug|ARM.Build.0 = Debug|ARM
		{DE1784F5-7E3F-4719-8493-964814FC35BD}.Debug|ARM.Deploy.0 = Debug|ARM
		{DE1784F5-7E3F-4719-8493-964814FC35BD}.Debug|ARM64.ActiveCfg = Debug|ARM64
		{DE1784F5-7E3F-4719-8493-964814FC35BD}.Debug|ARM64.Build.0 = Debug|ARM64
		{DE1784F5-7E3F-4719-8493-964814FC35BD}.Debug|ARM64.Deploy.0 = Debug|ARM64
		{DE1784F5-7E3F-4719-8493-964814FC35BD}.Debug|x64.ActiveCfg = Debug|x64
		{DE1784F5-7E3F-4719-8493-964814FC35BD}.Debug|x64.Build.0 = Debug|x64
		{DE1784F5-7E3F-4719-8493-964814FC35BD}.Debug|x64.Deploy.0 = Debug|x64
		{DE1784F5-7E3F-4719-8493-964814FC35BD}.Debug|x86.ActiveCfg = Debug|Win32
		{DE1784F5-7E3F-4719-8493-964814FC35BD}.Debug|x86.Build.0 = Debug|Win32
		{DE1784F5-7E3F-4719-8493-964814FC35BD}.Debug|x86.Deploy.0 = Debug|Win32
		{DE1784F5-7E3F-4719-8493-964814FC35BD}.Release|ARM.ActiveCfg = Release|ARM
		{DE1784F5-7E3F-4719-8493-964814FC35BD}.Release|ARM.Build.0 = Release|ARM
		{DE1784F5-7E3F-4719-8493-964814FC35BD}.Release|ARM.Deploy.0 = Release|ARM
		{DE1784F5-7E3F-4719-8493-964814FC35BD}.Release|ARM64.ActiveCfg = Release|ARM64
		{DE1784F5-7E3F-4719-8493-964814FC35BD}.Release|ARM64.Build.0 = Release|ARM64
		{DE1784F5-7E3F-4719-8493-964814FC35BD}.Release|ARM64.Deploy.0 = Release|ARM64
		{DE1784F5-7E3F-4719-8493-964814FC35BD}.Release|x64.ActiveCfg = Release|x64
		{DE1784F5-7E3F-4719-8493-964814FC35BD}.Release|x64.Build.0 = Release|x64
		{DE1784F5-7E3F-4719-8493-964814FC35BD}.Release|x64.Deploy.0 = Release|x64
		{DE1784F5-7E3F-4719-8493-964814FC35BD}.Release|x86.ActiveCfg = Release|Win32
		{DE1784F5-7E3F-4719-8493-964814FC35BD}.Release|x86.Build.0 = Release|Win32
		{DE1784F5-7E3F-4719-8493-964814FC35BD}.Release|x86.Deploy.0 = Release|Win32
		{420AD359-6EA7-4A1A-B569-5FD62B974F67}.Debug|ARM.ActiveCfg = Debug|ARM
		{420AD359-6EA7-4A1A-B569-5FD62B974F67}.Debug|ARM.Build.0 = Debug|ARM
		{420AD359-6EA7-4A1A-B569-5FD62B974F67}.Debug|ARM.Deploy.0 = Debug|ARM
		{420AD359-6EA7-4A1A-B569-5FD62B974F67}.Debug|ARM64.ActiveCfg = Debug|ARM64
		{420AD359-6EA7-4A1A-B569-5FD62B974F67}.Debug|ARM64.Build.0 = Debug|ARM64
		{420AD359-6EA7-4A1A-B569-5FD62B974F67}.Debug|ARM64.Deploy.0 = Debug|ARM64
		{420AD359-6EA7-4A1A-B569-5FD62B974F67}.Debug|x64.ActiveCfg = Debug|x64
		{420AD359-6EA7-4A1A-B569-5FD62B974F67}.Debug|x64.Build.0 = Debug|x64
		{420AD359-6EA7-4A1A-B569-5FD62B974F67}.Debug|x64.Deploy.0 = Debug|x64
		{420AD359-6EA7-4A1A-B569-5FD62B974F67}.Debug|x86.ActiveCfg = Debug|Win32
		{420AD359-6EA7-4A1A-B569-5FD62B974F67}.Debug|x86.Build.0 = Debug|Win32
		{420AD359-6EA7-4A1A-B569-5FD62B974F67}.Debug|x86.Deploy.0 = Debug|Win32
		{420AD359-6EA7-4A1A-B569-5FD62B974F67}.Release|ARM.ActiveCfg = Release|ARM
		{420AD359-6EA7-4A1A-B569-5FD62B974F67}.Release|ARM.Build.0 = Release|ARM
		{420AD359-6EA7-4A1A-B569-5FD62B974F67}.Release|ARM.Deploy.0 = Release|ARM
		{420AD359-6EA7-4A1A-B569-5FD62B974F67}.Release|ARM64.ActiveCfg = Release|ARM64
		{420AD359-6EA7-4A1A-B569-5FD62B974F67}.Release|ARM64.Build.0 = Release|ARM64
		{420AD359-6EA7-4A1A-B569-5FD62B974F67}.Release|ARM64.Deploy.0 = Release|ARM64
		{420AD359-6EA7-4A1A-B569-5FD62B974F67}.Release|x64.ActiveCfg = Release|x64
		{420AD359-6EA7-4A1A-B569-5FD62B974F67}.Release|x64.Build.0 = Release|x64
		{420AD359-6EA7-4A1A-B569-5FD62B974F67}.Release|x64.Deploy.0 = Release|x64
		{420AD359-6EA7-4A1A-B569-5FD62B974F67}.Release|x86.ActiveCfg = Release|Win32
		{420AD359-6EA7-4A1A-B569-5FD62B974F67}.Release|x86.Build.0 = Release|Win32
		{420AD359-6EA7-4A1A-B569-5FD62B974F67}.Release|x86.Deploy.0 = Release|Win32
		{7AED220D-422C-4871-B580-237CC2C13923}.Debug|ARM.ActiveCfg = Debug|ARM
		{7AED220D-422C-4871-B580-237CC2C13923}.Debug|ARM.Build.0 = Debug|ARM
		{7AED220D-422C-4871-B580-237CC2C13923}.Debug|ARM.Deploy.0 = Debug|ARM
		{7AED220D-422C-4871-B580-237CC2C13923}.Debug|ARM64.ActiveCfg = Debug|ARM64
		{7AED220D-422C-4871-B580-237CC2C13923}.Debug|ARM64.Build.0 = Debug|ARM64
		{7AED220D-422C-4871-B580-237CC2C13923}.Debug|ARM64.Deploy.0 = Debug|ARM64
		{7AED220D-422C-4871-B580-237CC2C13923}.Debug|x64.ActiveCfg = Debug|x64
		{7AED220D-422C-4871-B580-237CC2C13923}.Debug|x64.Build.0 = Debug|x64
		{7AED220D-422C-4871-B580-237CC2C13923}.Debug|x64.Deploy.0 = Debug|x64
		{7AED220D-422C-4871-B580-237CC2C13923}.Debug|x86.ActiveCfg = Debug|Win32
		{7AED220D-422C-4871-B580-237CC2C13923}.Debug|x86.Build.0 = Debug|Win32
		{7AED220D-422C-4871-B580-237CC2C13923}.Debug|x86.Deploy.0 = Debug|Win32
		{7AED220D-422C-4871-B580-237CC2C13923}.Release|ARM.ActiveCfg = Release|ARM
		{7AED220D-422C-4871-B580-237CC2C13923}.Release|ARM.Build.0 = Release|ARM
		{7AED220D-422C-4871-B580-237CC2C13923}.Release|ARM.Deploy.0 = Release|ARM
		{7AED220D-422C-4871-B580-237CC2C13923}.Release|ARM64.ActiveCfg = Release|ARM64
		{7AED220D-422C-4871-B580-237CC2C13923}.Release|ARM64.Build.0 = Release|ARM64
		{7AED220D-422C-4871-B580-237CC2C13923}.Release|ARM64.Deploy.0 = Release|ARM64
		{7AED220D-422C-4871-B580-237CC2C13923}.Release|x64.ActiveCfg = Release|x64
		{7AED220D-422C-4871-B580-237CC2C13923}.Release|x64.Build.0 = Release|x64
		{7AED220D-422C-4871-B580-237CC2C13923}.Release|x64.Deploy.0 = Release|x64
		{7AED220D-422C-4871-B580-237CC2C13923}.Release|x86.ActiveCfg = Release|Win32
		{7AED220D-422C-4871-B580-237CC2C13923}.Release|x86.Build.0 = Release|Win32
		{7AED220D-422C-4871-B580-237CC2C13923}.Release|x86.Deploy.0 = Release|Win32
		{E1EDC697-415F-429B-9148-9A38DB9E3359}.Debug|ARM.ActiveCfg = Debug|ARM
		{E1EDC697-415F-429B-9148-9A38DB9E3359}.Debug|ARM.Build.0 = Debug|ARM
		{E1EDC697-415F-429B-9148-9A38DB9E3359}.Debug|ARM.Deploy.0 = Debug|ARM
		{E1EDC697-415F-429B-9148-9A38DB9E3359}.Debug|ARM64.ActiveCfg = Debug|ARM64
		{E1EDC697-415F-429B-9148-9A38DB9E3359}.Debug|ARM64.Build.0 = Debug|ARM64
		{E1EDC697-415F-429B-9148-9A38DB9E3359}.Debug|ARM64.Deploy.0 = Debug|ARM64
		{E1EDC697-415F-429B-9148-9A38DB9E3359}.Debug|x64.ActiveCfg = Debug|x64
		{E1EDC697-415F-429B-9148-9A38DB9E3359}.Debug|x64.Build.0 = Debug|x64
		{E1EDC697-415F-429B-9148-9A38DB9E3359}.Debug|x64.Deploy.0 = Debug|x64
		{E1EDC697-415F-429B-9148-9A38DB9E3359}.Debug|x86.ActiveCfg = Debug|Win32
		{E1EDC697-415F-429B-9148-9A38DB9E3359}.Debug|x86.Build.0 = Debug|Win32
		{E1EDC697-415F-429B-9148-9A38DB9E3359}.Debug|x86.Deploy.0 = Debug|Win32
		{E1EDC697-415F-429B-9148-9A38DB9E3359}.Release|ARM.ActiveCfg = Release|ARM
		{E1EDC697-415F-429B-9148-9A38DB9E3359}.Release|ARM.Build.0 = Release|ARM
		{E1EDC697-415F-429B-9148-9A38DB9E3359}.Release|ARM.Deploy.0 = Release|ARM
		{E1EDC697-415F-429B-9148-9A38DB9E3359}.Release|ARM64.ActiveCfg = Release|ARM64
		{E1EDC697-415F-429B-9148-9A38DB9E3359}.Release|ARM64.Build.0 = Release|ARM64
		{E1EDC697-415F-429B-9148-9A38DB9E3359}.Release|ARM64.Deploy.0 = Release|ARM64
		{E1EDC697-415F-429B-9148-9A38DB9E3359}.Release|x64.ActiveCfg = Release|x64
		{E1EDC697-415F-429B-9148-9A38DB9E3359}.Release|x64.Build.0 = Release|x64
		{E1EDC697-415F-429B-9148-9A38DB9E3359}.Release|x64.Deploy.0 = Release|x64
		{E1EDC697-415F-429B-9148-9A38DB9E3359}.Release|x86.ActiveCfg = Release|Win32
		{E1EDC697-415F-429B-9148-9A38DB9E3359}.Release|x86.Build.0 = Release|Win32
		{E1EDC697-415F-429B-9148-9A38DB9E3359}.Release|x86.Deploy.0 = Release|Win32
		{88452967-F478-4A4D-9AD8-45B060C08E10}.Debug|ARM.ActiveCfg = Debug|Win32
		{88452967-F478-4A4D-9AD8-45B060C08E10}.Debug|ARM64.ActiveCfg = Debug|Win32
		{88452967-F478-4A4D-9AD8-45B060C08E10}.Debug|x64.ActiveCfg = Debug|x64
		{88452967-F478-4A4D-9AD8-45B060C08E10}.Debug|x64.Build.0 = Debug|x64
		{88452967-F478-4A4D-9AD8-45B060C08E10}.Debug|x86.ActiveCfg = Debug|Win32
		{88452967-F478-4A4D-9AD8-45B060C08E10}.Debug|x86.Build.0 = Debug|Win32
		{88452967-F478-4A4D-9AD8-45B060C08E10}.Release|ARM.ActiveCfg = Release|Win32
		{88452967-F478-4A4D-9AD8-45B060C08E10}.Release|ARM64.ActiveCfg = Release|Win32
		{88452967-F478-4A4D-9AD8-45B060C08E10}.Release|x64.ActiveCfg = Release|x64
		{88452967-F478-4A4D-9AD8-45B060C08E10}.Release|x64.Build.0 = Release|x64
		{88452967-F478-4A4D-9AD8-45B060C08E10}.Release|x86.ActiveCfg = Release|Win32
		{88452967-F478-4A4D-9AD8-45B060C08E10}.Release|x86.Build.0 = Release|Win32
		{9D8520D7-F283-40EA-8728-67CBCC84E920}.Debug|ARM.ActiveCfg = Debug|Win32
		{9D8520D7-F283-40EA-8728-67CBCC84E920}.Debug|ARM64.ActiveCfg = Debug|Win32
		{9D8520D7-F283-40EA-8728-67CBCC84E920}.Debug|x64.ActiveCfg = Debug|x64
		{9D8520D7-F283-40EA-8728-67CBCC84E920}.Debug|x64.Build.0 = Debug|x64
		{9D8520D7-F283-40EA-8728-67CBCC84E920}.Debug|x86.ActiveCfg = Debug|Win32
		{9D8520D7-F283-40EA-8728-67CBCC84E920}.Debug|x86.Build.0 = Debug|Win32
		{9D8520D7-F283-40EA-8728-67CBCC84E920}.Release|ARM.ActiveCfg = Release|Win32
		{9D8520D7-F283-40EA-8728-67CBCC84E920}.Release|ARM64.ActiveCfg = Release|Win32
		{9D8520D7-F283-40EA-8728-67CBCC84E920}.Release|x64.ActiveCfg = Release|x64
		{9D8520D7-F283-40EA-8728-67CBCC84E920}.Release|x64.Build.0 = Release|x64
		{9D8520D7-F283-40EA-8728-67CBCC84E920}.Release|x86.ActiveCfg = Release|Win32
		{9D8520D7-F283-40EA-8728-67CBCC84E920}.Release|x86.Build.0 = Release|Win32
		{A2F9A9F2-2463-48AA-9A27-0379F4F50A61}.Debug|ARM.ActiveCfg = Debug|Win32
		{A2F9A9F2-2463-48AA-9A27-0379F4F50A61}.Debug|ARM64.ActiveCfg = Debug|Win32
		{A2F9A9F2-2463-48AA-9A27-0379F4F50A61}.Debug|x64.ActiveCfg = Debug|x64
		{A2F9A9F2-2463-48AA-9A27-0379F4F50A61}.Debug|x64.Build.0 = Debug|x64
		{A2F9A9F2-2463-48AA-9A27-0379F4F50A61}.Debug|x86.ActiveCfg = Debug|Win32
		{A2F9A9F2-2463-48AA-9A27-0379F4F50A61}.Debug|x86.Build.0 = Debug|Win32
		{A2F9A9F2-2463-48AA-9A27-0379F4F50A61}.Release|ARM.ActiveCfg = Release|Win32
		{A2F9A9F2-2463-48AA-9A27-0379F4F50A61}.Release|ARM64.ActiveCfg = Release|Win32
		{A2F9A9F2-2463-48AA-9A27-0379F4F50A61}.Release|x64.ActiveCfg = Release|x64
		{A2F9A9F2-2463-48AA-9A27-0379F4F50A61}.Release|x64.Build.0 = Release|x64
		{A2F9A9F2-2463-48AA-9A27-0379F4F50A61}.Release|x86.ActiveCfg = Release|Win32
		{A2F9A9F2-2463-48AA-9A27-0379F4F50A61}.Release|x86.Build.0 = Release|Win32
		{B180FDBE-65A7-4592-8A09-E624C00E383A}.Debug|ARM.ActiveCfg = Debug|ARM
		{B180FDBE-65A7-4592-8A09-E624C00E383A}.Debug|ARM.Build.0 = Debug|ARM
		{B180FDBE-65A7-4592-8A09-E624C00E383A}.Debug|ARM.Deploy.0 = Debug|ARM
		{B180FDBE-65A7-4592-8A09-E624C00E383A}.Debug|ARM64.ActiveCfg = Debug|ARM64
		{B180FDBE-65A7-4592-8A09-E624C00E383A}.Debug|ARM64.Build.0 = Debug|ARM64
		{B180FDBE-65A7-4592-8A09-E624C00E383A}.Debug|ARM64.Deploy.0 = Debug|ARM64
		{B180FDBE-65A7-4592-8A09-E624C00E383A}.Debug|x64.ActiveCfg = Debug|x64
		{B180FDBE-65A7-4592-8A09-E624C00E383A}.Debug|x64.Build.0 = Debug|x64
		{B180FDBE-65A7-4592-8A09-E624C00E383A}.Debug|x64.Deploy.0 = Debug|x64
		{B180FDBE-65A7-4592-8A09-E624C00E383A}.Debug|x86.ActiveCfg = Debug|Win32
		{B180FDBE-65A7-4592-8A09-E624C00E383A}.Debug|x86.Build.0 = Debug|Win32
		{B180FDBE-65A7-4592-8A09-E624C00E383A}.Debug|x86.Deploy.0 = Debug|Win32
		{B180FDBE-65A7-4592-8A09-E624C00E383A}.Release|ARM.ActiveCfg = Release|ARM
		{B180FDBE-65A7-4592-8A09-E624C00E383A}.Release|ARM.Build.0 = Release|ARM
		{B180FDBE-65A7-4592-8A09-E624C00E383A}.Release|ARM.Deploy.0 = Release|ARM
		{B180FDBE-65A7-4592-8A09-E624C00E383A}.Release|ARM64.ActiveCfg = Release|ARM64
		{B180FDBE-65A7-4592-8A09-E624C00E383A}.Release|ARM64.Build.0 = Release|ARM64
		{B180FDBE-65A7-4592-8A09-E624C00E383A}.Release|ARM64.Deploy.0 = Release|ARM64
		{B180FDBE-65A7-4592-8A09-E624C00E383A}.Release|x64.ActiveCfg = Release|x64
		{B180FDBE-65A7-4592-8A09-E624C00E383A}.Release|x64.Build.0 = Release|x64
		{B180FDBE-65A7-4592-8A09-E624C00E383A}.Release|x64.Deploy.0 = Release|x64
		{B180FDBE-65A7-4592-8A09-E624C00E383A}.Release|x86.ActiveCfg = Release|Win32
		{B180FDBE-65A7-4592-8A09-E624C00E383A}.Release|x86.Build.0 = Release|Win32
		{B180FDBE-65A7-4592-8A09-E624C00E383A}.Release|x86.Deploy.0 = Release|Win32
		{3D4320E9-D638-468A-AF11-55B06AC66D85}.Debug|ARM.ActiveCfg = Debug|Win32
		{3D4320E9-D638-468A-AF11-55B06AC66D85}.Debug|ARM64.ActiveCfg = Debug|Win32
		{3D4320E9-D638-468A-AF11-55B06AC66D85}.Debug|x64.ActiveCfg = Debug|x64
		{3D4320E9-D638-468A-AF11-55B06AC66D85}.Debug|x64.Build.0 = Debug|x64
		{3D4320E9-D638-468A-AF11-55B06AC66D85}.Debug|x86.ActiveCfg = Debug|Win32
		{3D4320E9-D638-468A-AF11-55B06AC66D85}.Debug|x86.Build.0 = Debug|Win32
		{3D4320E9-D638-468A-AF11-55B06AC66D85}.Release|ARM.ActiveCfg = Release|Win32
		{3D4320E9-D638-468A-AF11-55B06AC66D85}.Release|ARM64.ActiveCfg = Release|Win32
		{3D4320E9-D638-468A-AF11-55B06AC66D85}.Release|x64.ActiveCfg = Release|x64
		{3D4320E9-D638-468A-AF11-55B06AC66D85}.Release|x64.Build.0 = Release|x64
		{3D4320E9-D638-468A-AF11-55B06AC66D85}.Release|x86.ActiveCfg = Release|Win32
		{3D4320E9-D638-468A-AF11-55B06AC66D85}.Release|x86.Build.0 = Release|Win32
		{2E563514-992A-4A4C-A92E-489C363607B3}.Debug|ARM.ActiveCfg = Debug|ARM
		{2E563514-992A-4A4C-A92E-489C363607B3}.Debug|ARM.Build.0 = Debug|ARM
		{2E563514-992A-4A4C-A92E-489C363607B3}.Debug|ARM.Deploy.0 = Debug|ARM
		{2E563514-992A-4A4C-A92E-489C363607B3}.Debug|ARM64.ActiveCfg = Debug|ARM64
		{2E563514-992A-4A4C-A92E-489C363607B3}.Debug|ARM64.Build.0 = Debug|ARM64
		{2E563514-992A-4A4C-A92E-489C363607B3}.Debug|ARM64.Deploy.0 = Debug|ARM64
		{2E563514-992A-4A4C-A92E-489C363607B3}.Debug|x64.ActiveCfg = Debug|x64
		{2E563514-992A-4A4C-A92E-489C363607B3}.Debug|x64.Build.0 = Debug|x64
		{2E563514-992A-4A4C-A92E-489C363607B3}.Debug|x64.Deploy.0 = Debug|x64
		{2E563514-992A-4A4C-A92E-489C363607B3}.Debug|x86.ActiveCfg = Debug|Win32
		{2E563514-992A-4A4C-A92E-489C363607B3}.Debug|x86.Build.0 = Debug|Win32
		{2E563514-992A-4A4C-A92E-489C363607B3}.Debug|x86.Deploy.0 = Debug|Win32
		{2E563514-992A-4A4C-A92E-489C363607B3}.Release|ARM.ActiveCfg = Release|ARM
		{2E563514-992A-4A4C-A92E-489C363607B3}.Release|ARM.Build.0 = Release|ARM
		{2E563514-992A-4A4C-A92E-489C363607B3}.Release|ARM.Deploy.0 = Release|ARM
		{2E563514-992A-4A4C-A92E-489C363607B3}.Release|ARM64.ActiveCfg = Release|ARM64
		{2E563514-992A-4A4C-A92E-489C363607B3}.Release|ARM64.Build.0 = Release|ARM64
		{2E563514-992A-4A4C-A92E-489C363607B3}.Release|ARM64.Deploy.0 = Release|ARM64
		{2E563514-992A-4A4C-A92E-489C363607B3}.Release|x64.ActiveCfg = Release|x64
		{2E563514-992A-4A4C-A92E-489C363607B3}.Release|x64.Build.0 = Release|x64
		{2E563514-992A-4A4C-A92E-489C363607B3}.Release|x64.Deploy.0 = Release|x64
		{2E563514-992A-4A4C-A92E-489C363607B3}.Release|x86.ActiveCfg = Release|Win32
		{2E563514-992A-4A4C-A92E-489C363607B3}.Release|x86.Build.0 = Release|Win32
		{2E563514-992A-4A4C-A92E-489C363607B3}.Release|x86.Deploy.0 = Release|Win32
		{C6709E0A-9C03-489B-9934-9DC565860133}.Debug|ARM.ActiveCfg = Debug|Win32
		{C6709E0A-9C03-489B-9934-9DC565860133}.Debug|ARM64.ActiveCfg = Debug|Win32
		{C6709E0A-9C03-489B-9934-9DC565860133}.Debug|x64.ActiveCfg = Debug|x64
		{C6709E0A-9C03-489B-9934-9DC565860133}.Debug|x64.Build.0 = Debug|x64
		{C6709E0A-9C03-489B-9934-9DC565860133}.Debug|x86.ActiveCfg = Debug|Win32
		{C6709E0A-9C03-489B-9934-9DC565860133}.Debug|x86.Build.0 = Debug|Win32
		{C6709E0A-9C03-489B-9934-9DC565860133}.Release|ARM.ActiveCfg = Release|Win32
		{C6709E0A-9C03-489B-9934-9DC565860133}.Release|ARM64.ActiveCfg = Release|Win32
		{C6709E0A-9C03-489B-9934-9DC565860133}.Release|x64.ActiveCfg = Release|x64
		{C6709E0A-9C03-489B-9934-9DC565860133}.Release|x64.Build.0 = Release|x64
		{C6709E0A-9C03-489B-9934-9DC565860133}.Release|x86.ActiveCfg = Release|Win32
		{C6709E0A-9C03-489B-9934-9DC565860133}.Release|x86.Build.0 = Release|Win32
		{EF28FEBB-994D-41D3-B7FB-ED56F29D5F8B}.Debug|ARM.ActiveCfg = Debug|ARM
		{EF28FEBB-994D-41D3-B7FB-ED56F29D5F8B}.Debug|ARM.Build.0 = Debug|ARM
		{EF28FEBB-994D-41D3-B7FB-ED56F29D5F8B}.Debug|ARM.Deploy.0 = Debug|ARM
		{EF28FEBB-994D-41D3-B7FB-ED56F29D5F8B}.Debug|ARM64.ActiveCfg = Debug|ARM64
		{EF28FEBB-994D-41D3-B7FB-ED56F29D5F8B}.Debug|ARM64.Build.0 = Debug|ARM64
		{EF28FEBB-994D-41D3-B7FB-ED56F29D5F8B}.Debug|ARM64.Deploy.0 = Debug|ARM64
		{EF28FEBB-994D-41D3-B7FB-ED56F29D5F8B}.Debug|x64.ActiveCfg = Debug|x64
		{EF28FEBB-994D-41D3-B7FB-ED56F29D5F8B}.Debug|x64.Build.0 = Debug|x64
		{EF28FEBB-994D-41D3-B7FB-ED56F29D5F8B}.Debug|x64.Deploy.0 = Debug|x64
		{EF28FEBB-994D-41D3-B7FB-ED56F29D5F8B}.Debug|x86.ActiveCfg = Debug|Win32
		{EF28FEBB-994D-41D3-B7FB-ED56F29D5F8B}.Debug|x86.Build.0 = Debug|Win32
		{EF28FEBB-994D-41D3-B7FB-ED56F29D5F8B}.Debug|x86.Deploy.0 = Debug|Win32
		{EF28FEBB-994D-41D3-B7FB-ED56F29D5F8B}.Release|ARM.ActiveCfg = Release|ARM
		{EF28FEBB-994D-41D3-B7FB-ED56F29D5F8B}.Release|ARM.Build.0 = Release|ARM
		{EF28FEBB-994D-41D3-B7FB-ED56F29D5F8B}.Release|ARM.Deploy.0 = Release|ARM
		{EF28FEBB-994D-41D3-B7FB-ED56F29D5F8B}.Release|ARM64.ActiveCfg = Release|ARM64
		{EF28FEBB-994D-41D3-B7FB-ED56F29D5F8B}.Release|ARM64.Build.0 = Release|ARM64
		{EF28FEBB-994D-41D3-B7FB-ED56F29D5F8B}.Release|ARM64.Deploy.0 = Release|ARM64
		{EF28FEBB-994D-41D3-B7FB-ED56F29D5F8B}.Release|x64.ActiveCfg = Release|x64
		{EF28FEBB-994D-41D3-B7FB-ED56F29D5F8B}.Release|x64.Build.0 = Release|x64
		{EF28FEBB-994D-41D3-B7FB-ED56F29D5F8B}.Release|x64.Deploy.0 = Release|x64
		{EF28FEBB-994D-41D3-B7FB-ED56F29D5F8B}.Release|x86.ActiveCfg = Release|Win32
		{EF28FEBB-994D-41D3-B7FB-ED56F29D5F8B}.Release|x86.Build.0 = Release|Win32
		{EF28FEBB-994D-41D3-B7FB-ED56F29D5F8B}.Release|x86.Deploy.0 = Release|Win32
	EndGlobalSection
	GlobalSection(SolutionProperties) = preSolution
		HideSolutionNode = FALSE
	EndGlobalSection
	GlobalSection(ExtensibilityGlobals) = postSolution
		SolutionGuid = {163C5824-A1E6-4DC8-BCCC-BA413B736BC9}
	EndGlobalSection
EndGlobal
